
Microsoft Visual Studio Solution File, Format Version 12.00
# Visual Studio Version 16
VisualStudioVersion = 16.0.30523.141
MinimumVisualStudioVersion = 10.0.40219.1
Project("{FAE04EC0-301F-11D3-BF4B-00C04F79EFBC}") = "BlackJackGame", "BlackJackGame\BlackJackGame.csproj", "{87D088F5-D968-41D3-9888-592D4EA22E18}"
EndProject
Global
	GlobalSection(SolutionConfigurationPlatforms) = preSolution
		Debug|Any CPU = Debug|Any CPU
		Release|Any CPU = Release|Any CPU
	EndGlobalSection
	GlobalSection(ProjectConfigurationPlatforms) = postSolution
		{87D088F5-D968-41D3-9888-592D4EA22E18}.Debug|Any CPU.ActiveCfg = Debug|Any CPU
		{87D088F5-D968-41D3-9888-592D4EA22E18}.Debug|Any CPU.Build.0 = Debug|Any CPU
		{87D088F5-D968-41D3-9888-592D4EA22E18}.Release|Any CPU.ActiveCfg = Release|Any CPU
		{87D088F5-D968-41D3-9888-592D4EA22E18}.Release|Any CPU.Build.0 = Release|Any CPU
	EndGlobalSection
	GlobalSection(SolutionProperties) = preSolution
		HideSolutionNode = FALSE
	EndGlobalSection
	GlobalSection(ExtensibilityGlobals) = postSolution
		SolutionGuid = {5EAA7204-5525-4ACC-9B80-4E9F50F42F9B}
	EndGlobalSection
EndGlobal
